{
  "name": "famous-pie-shop",
  "version": "1.0.0",
  "lockfileVersion": 1,
  "requires": true,
  "dependencies": {
    "potato-pie": {
      "version": "1.0.0",
      "resolved": "https://registry.npmjs.org/potato-pie/-/potato-pie-1.0.0.tgz",
      "integrity": "sha512-W/dHZ2dgV0kp4JZh2PNgTpTJJHMxEeMtLkosxtsKW4L5st41ePLC98//cjB3d5qhIaqU/y6hI9CDZ3s1v5iPdQ=="
    }
  }
}
